Microsoft Visual Studio Solution File, Format Version 11.00
# Visual Studio 2010
Project("{FAE04EC0-301F-11D3-BF4B-00C04F79EFBC}") = "Assembly-CSharp", "Assembly-CSharp.csproj", "{07261E71-BEB5-E770-5CC3-7ADE5A737DBE}"
EndProject
Project("{FAE04EC0-301F-11D3-BF4B-00C04F79EFBC}") = "Assembly-CSharp-Editor-firstpass", "Assembly-CSharp-Editor-firstpass.csproj", "{69E0102D-F349-01C8-4A26-00984D061BEF}"
EndProject
Global
	GlobalSection(SolutionConfigurationPlatforms) = preSolution
		Debug|Any CPU = Debug|Any CPU
		Release|Any CPU = Release|Any CPU
	EndGlobalSection
	GlobalSection(ProjectConfigurationPlatforms) = postSolution
		{07261E71-BEB5-E770-5CC3-7ADE5A737DBE}.Debug|Any CPU.ActiveCfg = Debug|Any CPU
		{07261E71-BEB5-E770-5CC3-7ADE5A737DBE}.Debug|Any CPU.Build.0 = Debug|Any CPU
		{07261E71-BEB5-E770-5CC3-7ADE5A737DBE}.Release|Any CPU.ActiveCfg = Release|Any CPU
		{07261E71-BEB5-E770-5CC3-7ADE5A737DBE}.Release|Any CPU.Build.0 = Release|Any CPU
		{69E0102D-F349-01C8-4A26-00984D061BEF}.Debug|Any CPU.ActiveCfg = Debug|Any CPU
		{69E0102D-F349-01C8-4A26-00984D061BEF}.Debug|Any CPU.Build.0 = Debug|Any CPU
		{69E0102D-F349-01C8-4A26-00984D061BEF}.Release|Any CPU.ActiveCfg = Release|Any CPU
		{69E0102D-F349-01C8-4A26-00984D061BEF}.Release|Any CPU.Build.0 = Release|Any CPU
	EndGlobalSection
	GlobalSection(SolutionProperties) = preSolution
		HideSolutionNode = FALSE
	EndGlobalSection
	GlobalSection(MonoDevelopProperties) = preSolution
		StartupItem = Assembly-CSharp.csproj
	EndGlobalSection
EndGlobal
